// !$*UTF8*$!
{
	archiveVersion = 1;
	classes = {
	};
	objectVersion = 50;
	objects = {

/* Begin PBXBuildFile section */
		240B667C24EA759B00B39B1C /* AppDelegate.swift in Sources */ = {isa = PBXBuildFile; fileRef = 240B667B24EA759B00B39B1C /* AppDelegate.swift */; };
		240B667E24EA759B00B39B1C /* SceneDelegate.swift in Sources */ = {isa = PBXBuildFile; fileRef = 240B667D24EA759B00B39B1C /* SceneDelegate.swift */; };
		240B668024EA759B00B39B1C /* ViewController.swift in Sources */ = {isa = PBXBuildFile; fileRef = 240B667F24EA759B00B39B1C /* ViewController.swift */; };
		240B668324EA759B00B39B1C /* Main.storyboard in Resources */ = {isa = PBXBuildFile; fileRef = 240B668124EA759B00B39B1C /* Main.storyboard */; };
		240B668524EA759D00B39B1C /* Assets.xcassets in Resources */ = {isa = PBXBuildFile; fileRef = 240B668424EA759D00B39B1C /* Assets.xcassets */; };
		240B668824EA759D00B39B1C /* LaunchScreen.storyboard in Resources */ = {isa = PBXBuildFile; fileRef = 240B668624EA759D00B39B1C /* LaunchScreen.storyboard */; };
		240B669324EA759E00B39B1C /* MergeSortAlgorithmTests.swift in Sources */ = {isa = PBXBuildFile; fileRef = 240B669224EA759E00B39B1C /* MergeSortAlgorithmTests.swift */; };
		240B669E24EA75AF00B39B1C /* MergeSortAlgorithm.swift in Sources */ = {isa = PBXBuildFile; fileRef = 240B669D24EA75AF00B39B1C /* MergeSortAlgorithm.swift */; };
		2423474724FE53FE0099A870 /* QuickSortAlgorithm.swift in Sources */ = {isa = PBXBuildFile; fileRef = 2423474624FE53FE0099A870 /* QuickSortAlgorithm.swift */; };
		2423474924FE54630099A870 /* QuickSortAlgorithmTests.swift in Sources */ = {isa = PBXBuildFile; fileRef = 2423474824FE54630099A870 /* QuickSortAlgorithmTests.swift */; };
/* End PBXBuildFile section */

/* Begin PBXContainerItemProxy section */
		240B668F24EA759E00B39B1C /* PBXContainerItemProxy */ = {
			isa = PBXContainerItemProxy;
			containerPortal = 240B667024EA759B00B39B1C /* Project object */;
			proxyType = 1;
			remoteGlobalIDString = 240B667724EA759B00B39B1C;
			remoteInfo = Algorithms;
		};
/* End PBXContainerItemProxy section */

/* Begin PBXFileReference section */
		240B667824EA759B00B39B1C /* Algorithms.app */ = {isa = PBXFileReference; explicitFileType = wrapper.application; includeInIndex = 0; path = Algorithms.app; sourceTree = BUILT_PRODUCTS_DIR; };
		240B667B24EA759B00B39B1C /* AppDelegate.swift */ = {isa = PBXFileReference; lastKnownFileType = sourcecode.swift; path = AppDelegate.swift; sourceTree = "<group>"; };
		240B667D24EA759B00B39B1C /* SceneDelegate.swift */ = {isa = PBXFileReference; lastKnownFileType = sourcecode.swift; path = SceneDelegate.swift; sourceTree = "<group>"; };
		240B667F24EA759B00B39B1C /* ViewController.swift */ = {isa = PBXFileReference; lastKnownFileType = sourcecode.swift; path = ViewController.swift; sourceTree = "<group>"; };
		240B668224EA759B00B39B1C /* Base */ = {isa = PBXFileReference; lastKnownFileType = file.storyboard; name = Base; path = Base.lproj/Main.storyboard; sourceTree = "<group>"; };
		240B668424EA759D00B39B1C /* Assets.xcassets */ = {isa = PBXFileReference; lastKnownFileType = folder.assetcatalog; path = Assets.xcassets; sourceTree = "<group>"; };
		240B668724EA759D00B39B1C /* Base */ = {isa = PBXFileReference; lastKnownFileType = file.storyboard; name = Base; path = Base.lproj/LaunchScreen.storyboard; sourceTree = "<group>"; };
		240B668924EA759D00B39B1C /* Info.plist */ = {isa = PBXFileReference; lastKnownFileType = text.plist.xml; path = Info.plist; sourceTree = "<group>"; };
		240B668E24EA759E00B39B1C /* AlgorithmsTests.xctest */ = {isa = PBXFileReference; explicitFileType = wrapper.cfbundle; includeInIndex = 0; path = AlgorithmsTests.xctest; sourceTree = BUILT_PRODUCTS_DIR; };
		240B669224EA759E00B39B1C /* MergeSortAlgorithmTests.swift */ = {isa = PBXFileReference; lastKnownFileType = sourcecode.swift; path = MergeSortAlgorithmTests.swift; sourceTree = "<group>"; };
		240B669424EA759E00B39B1C /* Info.plist */ = {isa = PBXFileReference; lastKnownFileType = text.plist.xml; path = Info.plist; sourceTree = "<group>"; };
		240B669D24EA75AF00B39B1C /* MergeSortAlgorithm.swift */ = {isa = PBXFileReference; lastKnownFileType = sourcecode.swift; path = MergeSortAlgorithm.swift; sourceTree = "<group>"; };
		2423474624FE53FE0099A870 /* QuickSortAlgorithm.swift */ = {isa = PBXFileReference; lastKnownFileType = sourcecode.swift; path = QuickSortAlgorithm.swift; sourceTree = "<group>"; };
		2423474824FE54630099A870 /* QuickSortAlgorithmTests.swift */ = {isa = PBXFileReference; lastKnownFileType = sourcecode.swift; path = QuickSortAlgorithmTests.swift; sourceTree = "<group>"; };
/* End PBXFileReference section */

/* Begin PBXFrameworksBuildPhase section */
		240B667524EA759B00B39B1C /* Frameworks */ = {
			isa = PBXFrameworksBuildPhase;
			buildActionMask = 2147483647;
			files = (
			);
			runOnlyForDeploymentPostprocessing = 0;
		};
		240B668B24EA759D00B39B1C /* Frameworks */ = {
			isa = PBXFrameworksBuildPhase;
			buildActionMask = 2147483647;
			files = (
			);
			runOnlyForDeploymentPostprocessing = 0;
		};
/* End PBXFrameworksBuildPhase section */

/* Begin PBXGroup section */
		240B666F24EA759B00B39B1C = {
			isa = PBXGroup;
			children = (
				240B667A24EA759B00B39B1C /* Algorithms */,
				240B669124EA759E00B39B1C /* AlgorithmsTests */,
				240B667924EA759B00B39B1C /* Products */,
			);
			sourceTree = "<group>";
		};
		240B667924EA759B00B39B1C /* Products */ = {
			isa = PBXGroup;
			children = (
				240B667824EA759B00B39B1C /* Algorithms.app */,
				240B668E24EA759E00B39B1C /* AlgorithmsTests.xctest */,
			);
			name = Products;
			sourceTree = "<group>";
		};
		240B667A24EA759B00B39B1C /* Algorithms */ = {
			isa = PBXGroup;
			children = (
				240B667B24EA759B00B39B1C /* AppDelegate.swift */,
				240B667D24EA759B00B39B1C /* SceneDelegate.swift */,
				240B667F24EA759B00B39B1C /* ViewController.swift */,
				240B668124EA759B00B39B1C /* Main.storyboard */,
				240B668424EA759D00B39B1C /* Assets.xcassets */,
				240B668624EA759D00B39B1C /* LaunchScreen.storyboard */,
				240B668924EA759D00B39B1C /* Info.plist */,
				240B669D24EA75AF00B39B1C /* MergeSortAlgorithm.swift */,
				2423474624FE53FE0099A870 /* QuickSortAlgorithm.swift */,
			);
			path = Algorithms;
			sourceTree = "<group>";
		};
		240B669124EA759E00B39B1C /* AlgorithmsTests */ = {
			isa = PBXGroup;
			children = (
				240B669224EA759E00B39B1C /* MergeSortAlgorithmTests.swift */,
				240B669424EA759E00B39B1C /* Info.plist */,
				2423474824FE54630099A870 /* QuickSortAlgorithmTests.swift */,
			);
			path = AlgorithmsTests;
			sourceTree = "<group>";
		};
/* End PBXGroup section */

/* Begin PBXNativeTarget section */
		240B667724EA759B00B39B1C /* Algorithms */ = {
			isa = PBXNativeTarget;
			buildConfigurationList = 240B669724EA759E00B39B1C /* Build configuration list for PBXNativeTarget "Algorithms" */;
			buildPhases = (
				240B667424EA759B00B39B1C /* Sources */,
				240B667524EA759B00B39B1C /* Frameworks */,
				240B667624EA759B00B39B1C /* Resources */,
			);
			buildRules = (
			);
			dependencies = (
			);
			name = Algorithms;
			productName = Algorithms;
			productReference = 240B667824EA759B00B39B1C /* Algorithms.app */;
			productType = "com.apple.product-type.application";
		};
		240B668D24EA759D00B39B1C /* AlgorithmsTests */ = {
			isa = PBXNativeTarget;
			buildConfigurationList = 240B669A24EA759E00B39B1C /* Build configuration list for PBXNativeTarget "AlgorithmsTests" */;
			buildPhases = (
				240B668A24EA759D00B39B1C /* Sources */,
				240B668B24EA759D00B39B1C /* Frameworks */,
				240B668C24EA759D00B39B1C /* Resources */,
			);
			buildRules = (
			);
			dependencies = (
				240B669024EA759E00B39B1C /* PBXTargetDependency */,
			);
			name = AlgorithmsTests;
			productName = AlgorithmsTests;
			productReference = 240B668E24EA759E00B39B1C /* AlgorithmsTests.xctest */;
			productType = "com.apple.product-type.bundle.unit-test";
		};
/* End PBXNativeTarget section */

/* Begin PBXProject section */
		240B667024EA759B00B39B1C /* Project object */ = {
			isa = PBXProject;
			attributes = {
				LastSwiftUpdateCheck = 1160;
				LastUpgradeCheck = 1160;
				ORGANIZATIONNAME = "Victoria Kravets";
				TargetAttributes = {
					240B667724EA759B00B39B1C = {
						CreatedOnToolsVersion = 11.6;
					};
					240B668D24EA759D00B39B1C = {
						CreatedOnToolsVersion = 11.6;
						TestTargetID = 240B667724EA759B00B39B1C;
					};
				};
			};
			buildConfigurationList = 240B667324EA759B00B39B1C /* Build configuration list for PBXProject "Algorithms" */;
			compatibilityVersion = "Xcode 9.3";
			developmentRegion = en;
			hasScannedForEncodings = 0;
			knownRegions = (
				en,
				Base,
			);
			mainGroup = 240B666F24EA759B00B39B1C;
			productRefGroup = 240B667924EA759B00B39B1C /* Products */;
			projectDirPath = "";
			projectRoot = "";
			targets = (
				240B667724EA759B00B39B1C /* Algorithms */,
				240B668D24EA759D00B39B1C /* AlgorithmsTests */,
			);
		};
/* End PBXProject section */

/* Begin PBXResourcesBuildPhase section */
		240B667624EA759B00B39B1C /* Resources */ = {
			isa = PBXResourcesBuildPhase;
			buildActionMask = 2147483647;
			files = (
				240B668824EA759D00B39B1C /* LaunchScreen.storyboard in Resources */,
				240B668524EA759D00B39B1C /* Assets.xcassets in Resources */,
				240B668324EA759B00B39B1C /* Main.storyboard in Resources */,
			);
			runOnlyForDeploymentPostprocessing = 0;
		};
		240B668C24EA759D00B39B1C /* Resources */ = {
			isa = PBXResourcesBuildPhase;
			buildActionMask = 2147483647;
			files = (
			);
			runOnlyForDeploymentPostprocessing = 0;
		};
/* End PBXResourcesBuildPhase section */

/* Begin PBXSourcesBuildPhase section */
		240B667424EA759B00B39B1C /* Sources */ = {
			isa = PBXSourcesBuildPhase;
			buildActionMask = 2147483647;
			files = (
				240B668024EA759B00B39B1C /* ViewController.swift in Sources */,
				2423474724FE53FE0099A870 /* QuickSortAlgorithm.swift in Sources */,
				240B667C24EA759B00B39B1C /* AppDelegate.swift in Sources */,
				240B669E24EA75AF00B39B1C /* MergeSortAlgorithm.swift in Sources */,
				240B667E24EA759B00B39B1C /* SceneDelegate.swift in Sources */,
			);
			runOnlyForDeploymentPostprocessing = 0;
		};
		240B668A24EA759D00B39B1C /* Sources */ = {
			isa = PBXSourcesBuildPhase;
			buildActionMask = 2147483647;
			files = (
				240B669324EA759E00B39B1C /* MergeSortAlgorithmTests.swift in Sources */,
				2423474924FE54630099A870 /* QuickSortAlgorithmTests.swift in Sources */,
			);
			runOnlyForDeploymentPostprocessing = 0;
		};
/* End PBXSourcesBuildPhase section */

/* Begin PBXTargetDependency section */
		240B669024EA759E00B39B1C /* PBXTargetDependency */ = {
			isa = PBXTargetDependency;
			target = 240B667724EA759B00B39B1C /* Algorithms */;
			targetProxy = 240B668F24EA759E00B39B1C /* PBXContainerItemProxy */;
		};
/* End PBXTargetDependency section */

/* Begin PBXVariantGroup section */
		240B668124EA759B00B39B1C /* Main.storyboard */ = {
			isa = PBXVariantGroup;
			children = (
				240B668224EA759B00B39B1C /* Base */,
			);
			name = Main.storyboard;
			sourceTree = "<group>";
		};
		240B668624EA759D00B39B1C /* LaunchScreen.storyboard */ = {
			isa = PBXVariantGroup;
			children = (
				240B668724EA759D00B39B1C /* Base */,
			);
			name = LaunchScreen.storyboard;
			sourceTree = "<group>";
		};
/* End PBXVariantGroup section */

/* Begin XCBuildConfiguration section */
		240B669524EA759E00B39B1C /* Debug */ = {
			isa = XCBuildConfiguration;
			buildSettings = {
				ALWAYS_SEARCH_USER_PATHS = NO;
				CLANG_ANALYZER_NONNULL = YES;
				CLANG_ANALYZER_NUMBER_OBJECT_CONVERSION = YES_AGGRESSIVE;
				CLANG_CXX_LANGUAGE_STANDARD = "gnu++14";
				CLANG_CXX_LIBRARY = "libc++";
				CLANG_ENABLE_MODULES = YES;
				CLANG_ENABLE_OBJC_ARC = YES;
				CLANG_ENABLE_OBJC_WEAK = YES;
				CLANG_WARN_BLOCK_CAPTURE_AUTORELEASING = YES;
				CLANG_WARN_BOOL_CONVERSION = YES;
				CLANG_WARN_COMMA = YES;
				CLANG_WARN_CONSTANT_CONVERSION = YES;
				CLANG_WARN_DEPRECATED_OBJC_IMPLEMENTATIONS = YES;
				CLANG_WARN_DIRECT_OBJC_ISA_USAGE = YES_ERROR;
				CLANG_WARN_DOCUMENTATION_COMMENTS = YES;
				CLANG_WARN_EMPTY_BODY = YES;
				CLANG_WARN_ENUM_CONVERSION = YES;
				CLANG_WARN_INFINITE_RECURSION = YES;
				CLANG_WARN_INT_CONVERSION = YES;
				CLANG_WARN_NON_LITERAL_NULL_CONVERSION = YES;
				CLANG_WARN_OBJC_IMPLICIT_RETAIN_SELF = YES;
				CLANG_WARN_OBJC_LITERAL_CONVERSION = YES;
				CLANG_WARN_OBJC_ROOT_CLASS = YES_ERROR;
				CLANG_WARN_RANGE_LOOP_ANALYSIS = YES;
				CLANG_WARN_STRICT_PROTOTYPES = YES;
				CLANG_WARN_SUSPICIOUS_MOVE = YES;
				CLANG_WARN_UNGUARDED_AVAILABILITY = YES_AGGRESSIVE;
				CLANG_WARN_UNREACHABLE_CODE = YES;
				CLANG_WARN__DUPLICATE_METHOD_MATCH = YES;
				COPY_PHASE_STRIP = NO;
				DEBUG_INFORMATION_FORMAT = dwarf;
				ENABLE_STRICT_OBJC_MSGSEND = YES;
				ENABLE_TESTABILITY = YES;
				GCC_C_LANGUAGE_STANDARD = gnu11;
				GCC_DYNAMIC_NO_PIC = NO;
				GCC_NO_COMMON_BLOCKS = YES;
				GCC_OPTIMIZATION_LEVEL = 0;
				GCC_PREPROCESSOR_DEFINITIONS = (
					"DEBUG=1",
					"$(inherited)",
				);
				GCC_WARN_64_TO_32_BIT_CONVERSION = YES;
				GCC_WARN_ABOUT_RETURN_TYPE = YES_ERROR;
				GCC_WARN_UNDECLARED_SELECTOR = YES;
				GCC_WARN_UNINITIALIZED_AUTOS = YES_AGGRESSIVE;
				GCC_WARN_UNUSED_FUNCTION = YES;
				GCC_WARN_UNUSED_VARIABLE = YES;
				IPHONEOS_DEPLOYMENT_TARGET = 13.6;
				MTL_ENABLE_DEBUG_INFO = INCLUDE_SOURCE;
				MTL_FAST_MATH = YES;
				ONLY_ACTIVE_ARCH = YES;
				SDKROOT = iphoneos;
				SWIFT_ACTIVE_COMPILATION_CONDITIONS = DEBUG;
				SWIFT_OPTIMIZATION_LEVEL = "-Onone";
			};
			name = Debug;
		};
		240B669624EA759E00B39B1C /* Release */ = {
			isa = XCBuildConfiguration;
			buildSettings = {
				ALWAYS_SEARCH_USER_PATHS = NO;
				CLANG_ANALYZER_NONNULL = YES;
				CLANG_ANALYZER_NUMBER_OBJECT_CONVERSION = YES_AGGRESSIVE;
				CLANG_CXX_LANGUAGE_STANDARD = "gnu++14";
				CLANG_CXX_LIBRARY = "libc++";
				CLANG_ENABLE_MODULES = YES;
				CLANG_ENABLE_OBJC_ARC = YES;
				CLANG_ENABLE_OBJC_WEAK = YES;
				CLANG_WARN_BLOCK_CAPTURE_AUTORELEASING = YES;
				CLANG_WARN_BOOL_CONVERSION = YES;
				CLANG_WARN_COMMA = YES;
				CLANG_WARN_CONSTANT_CONVERSION = YES;
				CLANG_WARN_DEPRECATED_OBJC_IMPLEMENTATIONS = YES;
				CLANG_WARN_DIRECT_OBJC_ISA_USAGE = YES_ERROR;
				CLANG_WARN_DOCUMENTATION_COMMENTS = YES;
				CLANG_WARN_EMPTY_BODY = YES;
				CLANG_WARN_ENUM_CONVERSION = YES;
				CLANG_WARN_INFINITE_RECURSION = YES;
				CLANG_WARN_INT_CONVERSION = YES;
				CLANG_WARN_NON_LITERAL_NULL_CONVERSION = YES;
				CLANG_WARN_OBJC_IMPLICIT_RETAIN_SELF = YES;
				CLANG_WARN_OBJC_LITERAL_CONVERSION = YES;
				CLANG_WARN_OBJC_ROOT_CLASS = YES_ERROR;
				CLANG_WARN_RANGE_LOOP_ANALYSIS = YES;
				CLANG_WARN_STRICT_PROTOTYPES = YES;
				CLANG_WARN_SUSPICIOUS_MOVE = YES;
				CLANG_WARN_UNGUARDED_AVAILABILITY = YES_AGGRESSIVE;
				CLANG_WARN_UNREACHABLE_CODE = YES;
				CLANG_WARN__DUPLICATE_METHOD_MATCH = YES;
				COPY_PHASE_STRIP = NO;
				DEBUG_INFORMATION_FORMAT = "dwarf-with-dsym";
				ENABLE_NS_ASSERTIONS = NO;
				ENABLE_STRICT_OBJC_MSGSEND = YES;
				GCC_C_LANGUAGE_STANDARD = gnu11;
				GCC_NO_COMMON_BLOCKS = YES;
				GCC_WARN_64_TO_32_BIT_CONVERSION = YES;
				GCC_WARN_ABOUT_RETURN_TYPE = YES_ERROR;
				GCC_WARN_UNDECLARED_SELECTOR = YES;
				GCC_WARN_UNINITIALIZED_AUTOS = YES_AGGRESSIVE;
				GCC_WARN_UNUSED_FUNCTION = YES;
				GCC_WARN_UNUSED_VARIABLE = YES;
				IPHONEOS_DEPLOYMENT_TARGET = 13.6;
				MTL_ENABLE_DEBUG_INFO = NO;
				MTL_FAST_MATH = YES;
				SDKROOT = iphoneos;
				SWIFT_COMPILATION_MODE = wholemodule;
				SWIFT_OPTIMIZATION_LEVEL = "-O";
				VALIDATE_PRODUCT = YES;
			};
			name = Release;
		};
		240B669824EA759E00B39B1C /* Debug */ = {
			isa = XCBuildConfiguration;
			buildSettings = {
				ASSETCATALOG_COMPILER_APPICON_NAME = AppIcon;
				CODE_SIGN_STYLE = Automatic;
				DEVELOPMENT_TEAM = M2R487SVK6;
				INFOPLIST_FILE = Algorithms/Info.plist;
				LD_RUNPATH_SEARCH_PATHS = (
					"$(inherited)",
					"@executable_path/Frameworks",
				);
				PRODUCT_BUNDLE_IDENTIFIER = "Victoria-Kravets.Algorithms";
				PRODUCT_NAME = "$(TARGET_NAME)";
				SWIFT_VERSION = 5.0;
				TARGETED_DEVICE_FAMILY = "1,2";
			};
			name = Debug;
		};
		240B669924EA759E00B39B1C /* Release */ = {
			isa = XCBuildConfiguration;
			buildSettings = {
				ASSETCATALOG_COMPILER_APPICON_NAME = AppIcon;
				CODE_SIGN_STYLE = Automatic;
				DEVELOPMENT_TEAM = M2R487SVK6;
				INFOPLIST_FILE = Algorithms/Info.plist;
				LD_RUNPATH_SEARCH_PATHS = (
					"$(inherited)",
					"@executable_path/Frameworks",
				);
				PRODUCT_BUNDLE_IDENTIFIER = "Victoria-Kravets.Algorithms";
				PRODUCT_NAME = "$(TARGET_NAME)";
				SWIFT_VERSION = 5.0;
				TARGETED_DEVICE_FAMILY = "1,2";
			};
			name = Release;
		};
		240B669B24EA759E00B39B1C /* Debug */ = {
			isa = XCBuildConfiguration;
			buildSettings = {
				ALWAYS_EMBED_SWIFT_STANDARD_LIBRARIES = YES;
				BUNDLE_LOADER = "$(TEST_HOST)";
				CODE_SIGN_STYLE = Automatic;
				DEVELOPMENT_TEAM = M2R487SVK6;
				INFOPLIST_FILE = AlgorithmsTests/Info.plist;
				IPHONEOS_DEPLOYMENT_TARGET = 13.6;
				LD_RUNPATH_SEARCH_PATHS = (
					"$(inherited)",
					"@executable_path/Frameworks",
					"@loader_path/Frameworks",
				);
				PRODUCT_BUNDLE_IDENTIFIER = "Victoria-Kravets.AlgorithmsTests";
				PRODUCT_NAME = "$(TARGET_NAME)";
				SWIFT_VERSION = 5.0;
				TARGETED_DEVICE_FAMILY = "1,2";
				TEST_HOST = "$(BUILT_PRODUCTS_DIR)/Algorithms.app/Algorithms";
			};
			name = Debug;
		};
		240B669C24EA759E00B39B1C /* Release */ = {
			isa = XCBuildConfiguration;
			buildSettings = {
				ALWAYS_EMBED_SWIFT_STANDARD_LIBRARIES = YES;
				BUNDLE_LOADER = "$(TEST_HOST)";
				CODE_SIGN_STYLE = Automatic;
				DEVELOPMENT_TEAM = M2R487SVK6;
				INFOPLIST_FILE = AlgorithmsTests/Info.plist;
				IPHONEOS_DEPLOYMENT_TARGET = 13.6;
				LD_RUNPATH_SEARCH_PATHS = (
					"$(inherited)",
					"@executable_path/Frameworks",
					"@loader_path/Frameworks",
				);
				PRODUCT_BUNDLE_IDENTIFIER = "Victoria-Kravets.AlgorithmsTests";
				PRODUCT_NAME = "$(TARGET_NAME)";
				SWIFT_VERSION = 5.0;
				TARGETED_DEVICE_FAMILY = "1,2";
				TEST_HOST = "$(BUILT_PRODUCTS_DIR)/Algorithms.app/Algorithms";
			};
			name = Release;
		};
/* End XCBuildConfiguration section */

/* Begin XCConfigurationList section */
		240B667324EA759B00B39B1C /* Build configuration list for PBXProject "Algorithms" */ = {
			isa = XCConfigurationList;
			buildConfigurations = (
				240B669524EA759E00B39B1C /* Debug */,
				240B669624EA759E00B39B1C /* Release */,
			);
			defaultConfigurationIsVisible = 0;
			defaultConfigurationName = Release;
		};
		240B669724EA759E00B39B1C /* Build configuration list for PBXNativeTarget "Algorithms" */ = {
			isa = XCConfigurationList;
			buildConfigurations = (
				240B669824EA759E00B39B1C /* Debug */,
				240B669924EA759E00B39B1C /* Release */,
			);
			defaultConfigurationIsVisible = 0;
			defaultConfigurationName = Release;
		};
		240B669A24EA759E00B39B1C /* Build configuration list for PBXNativeTarget "AlgorithmsTests" */ = {
			isa = XCConfigurationList;
			buildConfigurations = (
				240B669B24EA759E00B39B1C /* Debug */,
				240B669C24EA759E00B39B1C /* Release */,
			);
			defaultConfigurationIsVisible = 0;
			defaultConfigurationName = Release;
		};
/* End XCConfigurationList section */
	};
	rootObject = 240B667024EA759B00B39B1C /* Project object */;
}
